// !$*UTF8*$!
{
	archiveVersion = 1;
	classes = {
	};
	objectVersion = 50;
	objects = {

/* Begin PBXBuildFile section */
		1673C590DF95046EE2A69AD5 /* Pods_CodeCaseBN_CodeCaseBNUITests.framework in Frameworks */ = {isa = PBXBuildFile; fileRef = A6B40D866C1EE4FC67D62CD2 /* Pods_CodeCaseBN_CodeCaseBNUITests.framework */; };
		1B13C80E2DD649239B3E2AF4 /* Pods_CodeCaseBNTests.framework in Frameworks */ = {isa = PBXBuildFile; fileRef = 4578A34D9A163D57C33BF505 /* Pods_CodeCaseBNTests.framework */; };
		3558EDC023F71D3C0005BCE0 /* AppDelegate.swift in Sources */ = {isa = PBXBuildFile; fileRef = 3558EDBF23F71D3C0005BCE0 /* AppDelegate.swift */; };
		3558EDC423F71D3C0005BCE0 /* ViewController.swift in Sources */ = {isa = PBXBuildFile; fileRef = 3558EDC323F71D3C0005BCE0 /* ViewController.swift */; };
		3558EDC923F71D3E0005BCE0 /* Assets.xcassets in Resources */ = {isa = PBXBuildFile; fileRef = 3558EDC823F71D3E0005BCE0 /* Assets.xcassets */; };
		3558EDCC23F71D3E0005BCE0 /* LaunchScreen.storyboard in Resources */ = {isa = PBXBuildFile; fileRef = 3558EDCA23F71D3E0005BCE0 /* LaunchScreen.storyboard */; };
		3558EDD723F71D3E0005BCE0 /* CodeCaseBNTests.swift in Sources */ = {isa = PBXBuildFile; fileRef = 3558EDD623F71D3E0005BCE0 /* CodeCaseBNTests.swift */; };
		3558EDE223F71D3E0005BCE0 /* CodeCaseBNUITests.swift in Sources */ = {isa = PBXBuildFile; fileRef = 3558EDE123F71D3E0005BCE0 /* CodeCaseBNUITests.swift */; };
		BA381B0BC6492DBA5E410348 /* Pods_CodeCaseBN.framework in Frameworks */ = {isa = PBXBuildFile; fileRef = 45517B8488769266B9322515 /* Pods_CodeCaseBN.framework */; };
/* End PBXBuildFile section */

/* Begin PBXContainerItemProxy section */
		3558EDD323F71D3E0005BCE0 /* PBXContainerItemProxy */ = {
			isa = PBXContainerItemProxy;
			containerPortal = 3558EDB423F71D3C0005BCE0 /* Project object */;
			proxyType = 1;
			remoteGlobalIDString = 3558EDBB23F71D3C0005BCE0;
			remoteInfo = CodeCaseBN;
		};
		3558EDDE23F71D3E0005BCE0 /* PBXContainerItemProxy */ = {
			isa = PBXContainerItemProxy;
			containerPortal = 3558EDB423F71D3C0005BCE0 /* Project object */;
			proxyType = 1;
			remoteGlobalIDString = 3558EDBB23F71D3C0005BCE0;
			remoteInfo = CodeCaseBN;
		};
/* End PBXContainerItemProxy section */

/* Begin PBXFileReference section */
		0A177C2482F2A7F6F2BECAD4 /* Pods-CodeCaseBN-CodeCaseBNUITests.debug.xcconfig */ = {isa = PBXFileReference; includeInIndex = 1; lastKnownFileType = text.xcconfig; name = "Pods-CodeCaseBN-CodeCaseBNUITests.debug.xcconfig"; path = "Target Support Files/Pods-CodeCaseBN-CodeCaseBNUITests/Pods-CodeCaseBN-CodeCaseBNUITests.debug.xcconfig"; sourceTree = "<group>"; };
		3558EDBC23F71D3C0005BCE0 /* CodeCaseBN.app */ = {isa = PBXFileReference; explicitFileType = wrapper.application; includeInIndex = 0; path = CodeCaseBN.app; sourceTree = BUILT_PRODUCTS_DIR; };
		3558EDBF23F71D3C0005BCE0 /* AppDelegate.swift */ = {isa = PBXFileReference; lastKnownFileType = sourcecode.swift; path = AppDelegate.swift; sourceTree = "<group>"; };
		3558EDC323F71D3C0005BCE0 /* ViewController.swift */ = {isa = PBXFileReference; lastKnownFileType = sourcecode.swift; path = ViewController.swift; sourceTree = "<group>"; };
		3558EDC823F71D3E0005BCE0 /* Assets.xcassets */ = {isa = PBXFileReference; lastKnownFileType = folder.assetcatalog; path = Assets.xcassets; sourceTree = "<group>"; };
		3558EDCB23F71D3E0005BCE0 /* Base */ = {isa = PBXFileReference; lastKnownFileType = file.storyboard; name = Base; path = Base.lproj/LaunchScreen.storyboard; sourceTree = "<group>"; };
		3558EDCD23F71D3E0005BCE0 /* Info.plist */ = {isa = PBXFileReference; lastKnownFileType = text.plist.xml; path = Info.plist; sourceTree = "<group>"; };
		3558EDD223F71D3E0005BCE0 /* CodeCaseBNTests.xctest */ = {isa = PBXFileReference; explicitFileType = wrapper.cfbundle; includeInIndex = 0; path = CodeCaseBNTests.xctest; sourceTree = BUILT_PRODUCTS_DIR; };
		3558EDD623F71D3E0005BCE0 /* CodeCaseBNTests.swift */ = {isa = PBXFileReference; lastKnownFileType = sourcecode.swift; path = CodeCaseBNTests.swift; sourceTree = "<group>"; };
		3558EDD823F71D3E0005BCE0 /* Info.plist */ = {isa = PBXFileReference; lastKnownFileType = text.plist.xml; path = Info.plist; sourceTree = "<group>"; };
		3558EDDD23F71D3E0005BCE0 /* CodeCaseBNUITests.xctest */ = {isa = PBXFileReference; explicitFileType = wrapper.cfbundle; includeInIndex = 0; path = CodeCaseBNUITests.xctest; sourceTree = BUILT_PRODUCTS_DIR; };
		3558EDE123F71D3E0005BCE0 /* CodeCaseBNUITests.swift */ = {isa = PBXFileReference; lastKnownFileType = sourcecode.swift; path = CodeCaseBNUITests.swift; sourceTree = "<group>"; };
		3558EDE323F71D3E0005BCE0 /* Info.plist */ = {isa = PBXFileReference; lastKnownFileType = text.plist.xml; path = Info.plist; sourceTree = "<group>"; };
		45517B8488769266B9322515 /* Pods_CodeCaseBN.framework */ = {isa = PBXFileReference; explicitFileType = wrapper.framework; includeInIndex = 0; path = Pods_CodeCaseBN.framework; sourceTree = BUILT_PRODUCTS_DIR; };
		4578A34D9A163D57C33BF505 /* Pods_CodeCaseBNTests.framework */ = {isa = PBXFileReference; explicitFileType = wrapper.framework; includeInIndex = 0; path = Pods_CodeCaseBNTests.framework; sourceTree = BUILT_PRODUCTS_DIR; };
		6D9CD20794FF054C403EB61E /* Pods-CodeCaseBNTests.debug.xcconfig */ = {isa = PBXFileReference; includeInIndex = 1; lastKnownFileType = text.xcconfig; name = "Pods-CodeCaseBNTests.debug.xcconfig"; path = "Target Support Files/Pods-CodeCaseBNTests/Pods-CodeCaseBNTests.debug.xcconfig"; sourceTree = "<group>"; };
		94918DEC22397E3F1E16D2E7 /* Pods-CodeCaseBNTests.release.xcconfig */ = {isa = PBXFileReference; includeInIndex = 1; lastKnownFileType = text.xcconfig; name = "Pods-CodeCaseBNTests.release.xcconfig"; path = "Target Support Files/Pods-CodeCaseBNTests/Pods-CodeCaseBNTests.release.xcconfig"; sourceTree = "<group>"; };
		96E61679E657C539A230856E /* Pods-CodeCaseBN.release.xcconfig */ = {isa = PBXFileReference; includeInIndex = 1; lastKnownFileType = text.xcconfig; name = "Pods-CodeCaseBN.release.xcconfig"; path = "Target Support Files/Pods-CodeCaseBN/Pods-CodeCaseBN.release.xcconfig"; sourceTree = "<group>"; };
		970303D3767CA46FC43FEE8C /* Pods-CodeCaseBN-CodeCaseBNUITests.release.xcconfig */ = {isa = PBXFileReference; includeInIndex = 1; lastKnownFileType = text.xcconfig; name = "Pods-CodeCaseBN-CodeCaseBNUITests.release.xcconfig"; path = "Target Support Files/Pods-CodeCaseBN-CodeCaseBNUITests/Pods-CodeCaseBN-CodeCaseBNUITests.release.xcconfig"; sourceTree = "<group>"; };
		A6B40D866C1EE4FC67D62CD2 /* Pods_CodeCaseBN_CodeCaseBNUITests.framework */ = {isa = PBXFileReference; explicitFileType = wrapper.framework; includeInIndex = 0; path = Pods_CodeCaseBN_CodeCaseBNUITests.framework; sourceTree = BUILT_PRODUCTS_DIR; };
		F7E5F755988B0F311CE195DB /* Pods-CodeCaseBN.debug.xcconfig */ = {isa = PBXFileReference; includeInIndex = 1; lastKnownFileType = text.xcconfig; name = "Pods-CodeCaseBN.debug.xcconfig"; path = "Target Support Files/Pods-CodeCaseBN/Pods-CodeCaseBN.debug.xcconfig"; sourceTree = "<group>"; };
/* End PBXFileReference section */

/* Begin PBXFrameworksBuildPhase section */
		3558EDB923F71D3C0005BCE0 /* Frameworks */ = {
			isa = PBXFrameworksBuildPhase;
			buildActionMask = 2147483647;
			files = (
				BA381B0BC6492DBA5E410348 /* Pods_CodeCaseBN.framework in Frameworks */,
			);
			runOnlyForDeploymentPostprocessing = 0;
		};
		3558EDCF23F71D3E0005BCE0 /* Frameworks */ = {
			isa = PBXFrameworksBuildPhase;
			buildActionMask = 2147483647;
			files = (
				1B13C80E2DD649239B3E2AF4 /* Pods_CodeCaseBNTests.framework in Frameworks */,
			);
			runOnlyForDeploymentPostprocessing = 0;
		};
		3558EDDA23F71D3E0005BCE0 /* Frameworks */ = {
			isa = PBXFrameworksBuildPhase;
			buildActionMask = 2147483647;
			files = (
				1673C590DF95046EE2A69AD5 /* Pods_CodeCaseBN_CodeCaseBNUITests.framework in Frameworks */,
			);
			runOnlyForDeploymentPostprocessing = 0;
		};
/* End PBXFrameworksBuildPhase section */

/* Begin PBXGroup section */
		1B9F894D31C90B57C6A06A80 /* Pods */ = {
			isa = PBXGroup;
			children = (
				F7E5F755988B0F311CE195DB /* Pods-CodeCaseBN.debug.xcconfig */,
				96E61679E657C539A230856E /* Pods-CodeCaseBN.release.xcconfig */,
				0A177C2482F2A7F6F2BECAD4 /* Pods-CodeCaseBN-CodeCaseBNUITests.debug.xcconfig */,
				970303D3767CA46FC43FEE8C /* Pods-CodeCaseBN-CodeCaseBNUITests.release.xcconfig */,
				6D9CD20794FF054C403EB61E /* Pods-CodeCaseBNTests.debug.xcconfig */,
				94918DEC22397E3F1E16D2E7 /* Pods-CodeCaseBNTests.release.xcconfig */,
			);
			name = Pods;
			path = Pods;
			sourceTree = "<group>";
		};
		3558EDB323F71D3C0005BCE0 = {
			isa = PBXGroup;
			children = (
				3558EDBE23F71D3C0005BCE0 /* CodeCaseBN */,
				3558EDD523F71D3E0005BCE0 /* CodeCaseBNTests */,
				3558EDE023F71D3E0005BCE0 /* CodeCaseBNUITests */,
				3558EDBD23F71D3C0005BCE0 /* Products */,
				1B9F894D31C90B57C6A06A80 /* Pods */,
				F156531161C2253A913208D5 /* Frameworks */,
			);
			sourceTree = "<group>";
		};
		3558EDBD23F71D3C0005BCE0 /* Products */ = {
			isa = PBXGroup;
			children = (
				3558EDBC23F71D3C0005BCE0 /* CodeCaseBN.app */,
				3558EDD223F71D3E0005BCE0 /* CodeCaseBNTests.xctest */,
				3558EDDD23F71D3E0005BCE0 /* CodeCaseBNUITests.xctest */,
			);
			name = Products;
			sourceTree = "<group>";
		};
		3558EDBE23F71D3C0005BCE0 /* CodeCaseBN */ = {
			isa = PBXGroup;
			children = (
				3558EDBF23F71D3C0005BCE0 /* AppDelegate.swift */,
				3558EDC323F71D3C0005BCE0 /* ViewController.swift */,
				3558EDEF23F71D7D0005BCE0 /* SupportingFiles */,
			);
			path = CodeCaseBN;
			sourceTree = "<group>";
		};
		3558EDD523F71D3E0005BCE0 /* CodeCaseBNTests */ = {
			isa = PBXGroup;
			children = (
				3558EDD623F71D3E0005BCE0 /* CodeCaseBNTests.swift */,
				3558EDD823F71D3E0005BCE0 /* Info.plist */,
			);
			path = CodeCaseBNTests;
			sourceTree = "<group>";
		};
		3558EDE023F71D3E0005BCE0 /* CodeCaseBNUITests */ = {
			isa = PBXGroup;
			children = (
				3558EDE123F71D3E0005BCE0 /* CodeCaseBNUITests.swift */,
				3558EDE323F71D3E0005BCE0 /* Info.plist */,
			);
			path = CodeCaseBNUITests;
			sourceTree = "<group>";
		};
		3558EDEF23F71D7D0005BCE0 /* SupportingFiles */ = {
			isa = PBXGroup;
			children = (
				3558EDC823F71D3E0005BCE0 /* Assets.xcassets */,
				3558EDCA23F71D3E0005BCE0 /* LaunchScreen.storyboard */,
				3558EDCD23F71D3E0005BCE0 /* Info.plist */,
			);
			path = SupportingFiles;
			sourceTree = "<group>";
		};
		F156531161C2253A913208D5 /* Frameworks */ = {
			isa = PBXGroup;
			children = (
				45517B8488769266B9322515 /* Pods_CodeCaseBN.framework */,
				A6B40D866C1EE4FC67D62CD2 /* Pods_CodeCaseBN_CodeCaseBNUITests.framework */,
				4578A34D9A163D57C33BF505 /* Pods_CodeCaseBNTests.framework */,
			);
			name = Frameworks;
			sourceTree = "<group>";
		};
/* End PBXGroup section */

/* Begin PBXNativeTarget section */
		3558EDBB23F71D3C0005BCE0 /* CodeCaseBN */ = {
			isa = PBXNativeTarget;
			buildConfigurationList = 3558EDE623F71D3E0005BCE0 /* Build configuration list for PBXNativeTarget "CodeCaseBN" */;
			buildPhases = (
				CACBC56A940C55BEFC02C474 /* [CP] Check Pods Manifest.lock */,
				3558EDB823F71D3C0005BCE0 /* Sources */,
				3558EDB923F71D3C0005BCE0 /* Frameworks */,
				3558EDBA23F71D3C0005BCE0 /* Resources */,
				7AD3B1EE6D0BA5A0B6C8AC7C /* [CP] Embed Pods Frameworks */,
			);
			buildRules = (
			);
			dependencies = (
			);
			name = CodeCaseBN;
			productName = CodeCaseBN;
			productReference = 3558EDBC23F71D3C0005BCE0 /* CodeCaseBN.app */;
			productType = "com.apple.product-type.application";
		};
		3558EDD123F71D3E0005BCE0 /* CodeCaseBNTests */ = {
			isa = PBXNativeTarget;
			buildConfigurationList = 3558EDE923F71D3E0005BCE0 /* Build configuration list for PBXNativeTarget "CodeCaseBNTests" */;
			buildPhases = (
				BBD1D1FC38FE00A255DACFE4 /* [CP] Check Pods Manifest.lock */,
				3558EDCE23F71D3E0005BCE0 /* Sources */,
				3558EDCF23F71D3E0005BCE0 /* Frameworks */,
				3558EDD023F71D3E0005BCE0 /* Resources */,
			);
			buildRules = (
			);
			dependencies = (
				3558EDD423F71D3E0005BCE0 /* PBXTargetDependency */,
			);
			name = CodeCaseBNTests;
			productName = CodeCaseBNTests;
			productReference = 3558EDD223F71D3E0005BCE0 /* CodeCaseBNTests.xctest */;
			productType = "com.apple.product-type.bundle.unit-test";
		};
		3558EDDC23F71D3E0005BCE0 /* CodeCaseBNUITests */ = {
			isa = PBXNativeTarget;
			buildConfigurationList = 3558EDEC23F71D3E0005BCE0 /* Build configuration list for PBXNativeTarget "CodeCaseBNUITests" */;
			buildPhases = (
				1DD229A24C26A324D76A4A60 /* [CP] Check Pods Manifest.lock */,
				3558EDD923F71D3E0005BCE0 /* Sources */,
				3558EDDA23F71D3E0005BCE0 /* Frameworks */,
				3558EDDB23F71D3E0005BCE0 /* Resources */,
				B67542C04535DF7310CF3C98 /* [CP] Embed Pods Frameworks */,
			);
			buildRules = (
			);
			dependencies = (
				3558EDDF23F71D3E0005BCE0 /* PBXTargetDependency */,
			);
			name = CodeCaseBNUITests;
			productName = CodeCaseBNUITests;
			productReference = 3558EDDD23F71D3E0005BCE0 /* CodeCaseBNUITests.xctest */;
			productType = "com.apple.product-type.bundle.ui-testing";
		};
/* End PBXNativeTarget section */

/* Begin PBXProject section */
		3558EDB423F71D3C0005BCE0 /* Project object */ = {
			isa = PBXProject;
			attributes = {
				LastSwiftUpdateCheck = 1120;
				LastUpgradeCheck = 1120;
				ORGANIZATIONNAME = AhmetSina;
				TargetAttributes = {
					3558EDBB23F71D3C0005BCE0 = {
						CreatedOnToolsVersion = 11.2.1;
					};
					3558EDD123F71D3E0005BCE0 = {
						CreatedOnToolsVersion = 11.2.1;
						TestTargetID = 3558EDBB23F71D3C0005BCE0;
					};
					3558EDDC23F71D3E0005BCE0 = {
						CreatedOnToolsVersion = 11.2.1;
						TestTargetID = 3558EDBB23F71D3C0005BCE0;
					};
				};
			};
			buildConfigurationList = 3558EDB723F71D3C0005BCE0 /* Build configuration list for PBXProject "CodeCaseBN" */;
			compatibilityVersion = "Xcode 9.3";
			developmentRegion = en;
			hasScannedForEncodings = 0;
			knownRegions = (
				en,
				Base,
			);
			mainGroup = 3558EDB323F71D3C0005BCE0;
			productRefGroup = 3558EDBD23F71D3C0005BCE0 /* Products */;
			projectDirPath = "";
			projectRoot = "";
			targets = (
				3558EDBB23F71D3C0005BCE0 /* CodeCaseBN */,
				3558EDD123F71D3E0005BCE0 /* CodeCaseBNTests */,
				3558EDDC23F71D3E0005BCE0 /* CodeCaseBNUITests */,
			);
		};
/* End PBXProject section */

/* Begin PBXResourcesBuildPhase section */
		3558EDBA23F71D3C0005BCE0 /* Resources */ = {
			isa = PBXResourcesBuildPhase;
			buildActionMask = 2147483647;
			files = (
				3558EDCC23F71D3E0005BCE0 /* LaunchScreen.storyboard in Resources */,
				3558EDC923F71D3E0005BCE0 /* Assets.xcassets in Resources */,
			);
			runOnlyForDeploymentPostprocessing = 0;
		};
		3558EDD023F71D3E0005BCE0 /* Resources */ = {
			isa = PBXResourcesBuildPhase;
			buildActionMask = 2147483647;
			files = (
			);
			runOnlyForDeploymentPostprocessing = 0;
		};
		3558EDDB23F71D3E0005BCE0 /* Resources */ = {
			isa = PBXResourcesBuildPhase;
			buildActionMask = 2147483647;
			files = (
			);
			runOnlyForDeploymentPostprocessing = 0;
		};
/* End PBXResourcesBuildPhase section */

/* Begin PBXShellScriptBuildPhase section */
		1DD229A24C26A324D76A4A60 /* [CP] Check Pods Manifest.lock */ = {
			isa = PBXShellScriptBuildPhase;
			buildActionMask = 2147483647;
			files = (
			);
			inputFileListPaths = (
			);
			inputPaths = (
				"${PODS_PODFILE_DIR_PATH}/Podfile.lock",
				"${PODS_ROOT}/Manifest.lock",
			);
			name = "[CP] Check Pods Manifest.lock";
			outputFileListPaths = (
			);
			outputPaths = (
				"$(DERIVED_FILE_DIR)/Pods-CodeCaseBN-CodeCaseBNUITests-checkManifestLockResult.txt",
			);
			runOnlyForDeploymentPostprocessing = 0;
			shellPath = /bin/sh;
			shellScript = "diff \"${PODS_PODFILE_DIR_PATH}/Podfile.lock\" \"${PODS_ROOT}/Manifest.lock\" > /dev/null\nif [ $? != 0 ] ; then\n    # print error to STDERR\n    echo \"error: The sandbox is not in sync with the Podfile.lock. Run 'pod install' or update your CocoaPods installation.\" >&2\n    exit 1\nfi\n# This output is used by Xcode 'outputs' to avoid re-running this script phase.\necho \"SUCCESS\" > \"${SCRIPT_OUTPUT_FILE_0}\"\n";
			showEnvVarsInLog = 0;
		};
		7AD3B1EE6D0BA5A0B6C8AC7C /* [CP] Embed Pods Frameworks */ = {
			isa = PBXShellScriptBuildPhase;
			buildActionMask = 2147483647;
			files = (
			);
			inputFileListPaths = (
				"${PODS_ROOT}/Target Support Files/Pods-CodeCaseBN/Pods-CodeCaseBN-frameworks-${CONFIGURATION}-input-files.xcfilelist",
			);
			name = "[CP] Embed Pods Frameworks";
			outputFileListPaths = (
				"${PODS_ROOT}/Target Support Files/Pods-CodeCaseBN/Pods-CodeCaseBN-frameworks-${CONFIGURATION}-output-files.xcfilelist",
			);
			runOnlyForDeploymentPostprocessing = 0;
			shellPath = /bin/sh;
			shellScript = "\"${PODS_ROOT}/Target Support Files/Pods-CodeCaseBN/Pods-CodeCaseBN-frameworks.sh\"\n";
			showEnvVarsInLog = 0;
		};
		B67542C04535DF7310CF3C98 /* [CP] Embed Pods Frameworks */ = {
			isa = PBXShellScriptBuildPhase;
			buildActionMask = 2147483647;
			files = (
			);
			inputFileListPaths = (
				"${PODS_ROOT}/Target Support Files/Pods-CodeCaseBN-CodeCaseBNUITests/Pods-CodeCaseBN-CodeCaseBNUITests-frameworks-${CONFIGURATION}-input-files.xcfilelist",
			);
			name = "[CP] Embed Pods Frameworks";
			outputFileListPaths = (
				"${PODS_ROOT}/Target Support Files/Pods-CodeCaseBN-CodeCaseBNUITests/Pods-CodeCaseBN-CodeCaseBNUITests-frameworks-${CONFIGURATION}-output-files.xcfilelist",
			);
			runOnlyForDeploymentPostprocessing = 0;
			shellPath = /bin/sh;
			shellScript = "\"${PODS_ROOT}/Target Support Files/Pods-CodeCaseBN-CodeCaseBNUITests/Pods-CodeCaseBN-CodeCaseBNUITests-frameworks.sh\"\n";
			showEnvVarsInLog = 0;
		};
		BBD1D1FC38FE00A255DACFE4 /* [CP] Check Pods Manifest.lock */ = {
			isa = PBXShellScriptBuildPhase;
			buildActionMask = 2147483647;
			files = (
			);
			inputFileListPaths = (
			);
			inputPaths = (
				"${PODS_PODFILE_DIR_PATH}/Podfile.lock",
				"${PODS_ROOT}/Manifest.lock",
			);
			name = "[CP] Check Pods Manifest.lock";
			outputFileListPaths = (
			);
			outputPaths = (
				"$(DERIVED_FILE_DIR)/Pods-CodeCaseBNTests-checkManifestLockResult.txt",
			);
			runOnlyForDeploymentPostprocessing = 0;
			shellPath = /bin/sh;
			shellScript = "diff \"${PODS_PODFILE_DIR_PATH}/Podfile.lock\" \"${PODS_ROOT}/Manifest.lock\" > /dev/null\nif [ $? != 0 ] ; then\n    # print error to STDERR\n    echo \"error: The sandbox is not in sync with the Podfile.lock. Run 'pod install' or update your CocoaPods installation.\" >&2\n    exit 1\nfi\n# This output is used by Xcode 'outputs' to avoid re-running this script phase.\necho \"SUCCESS\" > \"${SCRIPT_OUTPUT_FILE_0}\"\n";
			showEnvVarsInLog = 0;
		};
		CACBC56A940C55BEFC02C474 /* [CP] Check Pods Manifest.lock */ = {
			isa = PBXShellScriptBuildPhase;
			buildActionMask = 2147483647;
			files = (
			);
			inputFileListPaths = (
			);
			inputPaths = (
				"${PODS_PODFILE_DIR_PATH}/Podfile.lock",
				"${PODS_ROOT}/Manifest.lock",
			);
			name = "[CP] Check Pods Manifest.lock";
			outputFileListPaths = (
			);
			outputPaths = (
				"$(DERIVED_FILE_DIR)/Pods-CodeCaseBN-checkManifestLockResult.txt",
			);
			runOnlyForDeploymentPostprocessing = 0;
			shellPath = /bin/sh;
			shellScript = "diff \"${PODS_PODFILE_DIR_PATH}/Podfile.lock\" \"${PODS_ROOT}/Manifest.lock\" > /dev/null\nif [ $? != 0 ] ; then\n    # print error to STDERR\n    echo \"error: The sandbox is not in sync with the Podfile.lock. Run 'pod install' or update your CocoaPods installation.\" >&2\n    exit 1\nfi\n# This output is used by Xcode 'outputs' to avoid re-running this script phase.\necho \"SUCCESS\" > \"${SCRIPT_OUTPUT_FILE_0}\"\n";
			showEnvVarsInLog = 0;
		};
/* End PBXShellScriptBuildPhase section */

/* Begin PBXSourcesBuildPhase section */
		3558EDB823F71D3C0005BCE0 /* Sources */ = {
			isa = PBXSourcesBuildPhase;
			buildActionMask = 2147483647;
			files = (
				3558EDC423F71D3C0005BCE0 /* ViewController.swift in Sources */,
				3558EDC023F71D3C0005BCE0 /* AppDelegate.swift in Sources */,
			);
			runOnlyForDeploymentPostprocessing = 0;
		};
		3558EDCE23F71D3E0005BCE0 /* Sources */ = {
			isa = PBXSourcesBuildPhase;
			buildActionMask = 2147483647;
			files = (
				3558EDD723F71D3E0005BCE0 /* CodeCaseBNTests.swift in Sources */,
			);
			runOnlyForDeploymentPostprocessing = 0;
		};
		3558EDD923F71D3E0005BCE0 /* Sources */ = {
			isa = PBXSourcesBuildPhase;
			buildActionMask = 2147483647;
			files = (
				3558EDE223F71D3E0005BCE0 /* CodeCaseBNUITests.swift in Sources */,
			);
			runOnlyForDeploymentPostprocessing = 0;
		};
/* End PBXSourcesBuildPhase section */

/* Begin PBXTargetDependency section */
		3558EDD423F71D3E0005BCE0 /* PBXTargetDependency */ = {
			isa = PBXTargetDependency;
			target = 3558EDBB23F71D3C0005BCE0 /* CodeCaseBN */;
			targetProxy = 3558EDD323F71D3E0005BCE0 /* PBXContainerItemProxy */;
		};
		3558EDDF23F71D3E0005BCE0 /* PBXTargetDependency */ = {
			isa = PBXTargetDependency;
			target = 3558EDBB23F71D3C0005BCE0 /* CodeCaseBN */;
			targetProxy = 3558EDDE23F71D3E0005BCE0 /* PBXContainerItemProxy */;
		};
/* End PBXTargetDependency section */

/* Begin PBXVariantGroup section */
		3558EDCA23F71D3E0005BCE0 /* LaunchScreen.storyboard */ = {
			isa = PBXVariantGroup;
			children = (
				3558EDCB23F71D3E0005BCE0 /* Base */,
			);
			name = LaunchScreen.storyboard;
			sourceTree = "<group>";
		};
/* End PBXVariantGroup section */

/* Begin XCBuildConfiguration section */
		3558EDE423F71D3E0005BCE0 /* Debug */ = {
			isa = XCBuildConfiguration;
			buildSettings = {
				ALWAYS_SEARCH_USER_PATHS = NO;
				CLANG_ANALYZER_NONNULL = YES;
				CLANG_ANALYZER_NUMBER_OBJECT_CONVERSION = YES_AGGRESSIVE;
				CLANG_CXX_LANGUAGE_STANDARD = "gnu++14";
				CLANG_CXX_LIBRARY = "libc++";
				CLANG_ENABLE_MODULES = YES;
				CLANG_ENABLE_OBJC_ARC = YES;
				CLANG_ENABLE_OBJC_WEAK = YES;
				CLANG_WARN_BLOCK_CAPTURE_AUTORELEASING = YES;
				CLANG_WARN_BOOL_CONVERSION = YES;
				CLANG_WARN_COMMA = YES;
				CLANG_WARN_CONSTANT_CONVERSION = YES;
				CLANG_WARN_DEPRECATED_OBJC_IMPLEMENTATIONS = YES;
				CLANG_WARN_DIRECT_OBJC_ISA_USAGE = YES_ERROR;
				CLANG_WARN_DOCUMENTATION_COMMENTS = YES;
				CLANG_WARN_EMPTY_BODY = YES;
				CLANG_WARN_ENUM_CONVERSION = YES;
				CLANG_WARN_INFINITE_RECURSION = YES;
				CLANG_WARN_INT_CONVERSION = YES;
				CLANG_WARN_NON_LITERAL_NULL_CONVERSION = YES;
				CLANG_WARN_OBJC_IMPLICIT_RETAIN_SELF = YES;
				CLANG_WARN_OBJC_LITERAL_CONVERSION = YES;
				CLANG_WARN_OBJC_ROOT_CLASS = YES_ERROR;
				CLANG_WARN_RANGE_LOOP_ANALYSIS = YES;
				CLANG_WARN_STRICT_PROTOTYPES = YES;
				CLANG_WARN_SUSPICIOUS_MOVE = YES;
				CLANG_WARN_UNGUARDED_AVAILABILITY = YES_AGGRESSIVE;
				CLANG_WARN_UNREACHABLE_CODE = YES;
				CLANG_WARN__DUPLICATE_METHOD_MATCH = YES;
				COPY_PHASE_STRIP = NO;
				DEBUG_INFORMATION_FORMAT = dwarf;
				ENABLE_STRICT_OBJC_MSGSEND = YES;
				ENABLE_TESTABILITY = YES;
				GCC_C_LANGUAGE_STANDARD = gnu11;
				GCC_DYNAMIC_NO_PIC = NO;
				GCC_NO_COMMON_BLOCKS = YES;
				GCC_OPTIMIZATION_LEVEL = 0;
				GCC_PREPROCESSOR_DEFINITIONS = (
					"DEBUG=1",
					"$(inherited)",
				);
				GCC_WARN_64_TO_32_BIT_CONVERSION = YES;
				GCC_WARN_ABOUT_RETURN_TYPE = YES_ERROR;
				GCC_WARN_UNDECLARED_SELECTOR = YES;
				GCC_WARN_UNINITIALIZED_AUTOS = YES_AGGRESSIVE;
				GCC_WARN_UNUSED_FUNCTION = YES;
				GCC_WARN_UNUSED_VARIABLE = YES;
				IPHONEOS_DEPLOYMENT_TARGET = 11.4;
				MTL_ENABLE_DEBUG_INFO = INCLUDE_SOURCE;
				MTL_FAST_MATH = YES;
				ONLY_ACTIVE_ARCH = YES;
				SDKROOT = iphoneos;
				SWIFT_ACTIVE_COMPILATION_CONDITIONS = DEBUG;
				SWIFT_OPTIMIZATION_LEVEL = "-Onone";
			};
			name = Debug;
		};
		3558EDE523F71D3E0005BCE0 /* Release */ = {
			isa = XCBuildConfiguration;
			buildSettings = {
				ALWAYS_SEARCH_USER_PATHS = NO;
				CLANG_ANALYZER_NONNULL = YES;
				CLANG_ANALYZER_NUMBER_OBJECT_CONVERSION = YES_AGGRESSIVE;
				CLANG_CXX_LANGUAGE_STANDARD = "gnu++14";
				CLANG_CXX_LIBRARY = "libc++";
				CLANG_ENABLE_MODULES = YES;
				CLANG_ENABLE_OBJC_ARC = YES;
				CLANG_ENABLE_OBJC_WEAK = YES;
				CLANG_WARN_BLOCK_CAPTURE_AUTORELEASING = YES;
				CLANG_WARN_BOOL_CONVERSION = YES;
				CLANG_WARN_COMMA = YES;
				CLANG_WARN_CONSTANT_CONVERSION = YES;
				CLANG_WARN_DEPRECATED_OBJC_IMPLEMENTATIONS = YES;
				CLANG_WARN_DIRECT_OBJC_ISA_USAGE = YES_ERROR;
				CLANG_WARN_DOCUMENTATION_COMMENTS = YES;
				CLANG_WARN_EMPTY_BODY = YES;
				CLANG_WARN_ENUM_CONVERSION = YES;
				CLANG_WARN_INFINITE_RECURSION = YES;
				CLANG_WARN_INT_CONVERSION = YES;
				CLANG_WARN_NON_LITERAL_NULL_CONVERSION = YES;
				CLANG_WARN_OBJC_IMPLICIT_RETAIN_SELF = YES;
				CLANG_WARN_OBJC_LITERAL_CONVERSION = YES;
				CLANG_WARN_OBJC_ROOT_CLASS = YES_ERROR;
				CLANG_WARN_RANGE_LOOP_ANALYSIS = YES;
				CLANG_WARN_STRICT_PROTOTYPES = YES;
				CLANG_WARN_SUSPICIOUS_MOVE = YES;
				CLANG_WARN_UNGUARDED_AVAILABILITY = YES_AGGRESSIVE;
				CLANG_WARN_UNREACHABLE_CODE = YES;
				CLANG_WARN__DUPLICATE_METHOD_MATCH = YES;
				COPY_PHASE_STRIP = NO;
				DEBUG_INFORMATION_FORMAT = "dwarf-with-dsym";
				ENABLE_NS_ASSERTIONS = NO;
				ENABLE_STRICT_OBJC_MSGSEND = YES;
				GCC_C_LANGUAGE_STANDARD = gnu11;
				GCC_NO_COMMON_BLOCKS = YES;
				GCC_WARN_64_TO_32_BIT_CONVERSION = YES;
				GCC_WARN_ABOUT_RETURN_TYPE = YES_ERROR;
				GCC_WARN_UNDECLARED_SELECTOR = YES;
				GCC_WARN_UNINITIALIZED_AUTOS = YES_AGGRESSIVE;
				GCC_WARN_UNUSED_FUNCTION = YES;
				GCC_WARN_UNUSED_VARIABLE = YES;
				IPHONEOS_DEPLOYMENT_TARGET = 11.4;
				MTL_ENABLE_DEBUG_INFO = NO;
				MTL_FAST_MATH = YES;
				SDKROOT = iphoneos;
				SWIFT_COMPILATION_MODE = wholemodule;
				SWIFT_OPTIMIZATION_LEVEL = "-O";
				VALIDATE_PRODUCT = YES;
			};
			name = Release;
		};
		3558EDE723F71D3E0005BCE0 /* Debug */ = {
			isa = XCBuildConfiguration;
			baseConfigurationReference = F7E5F755988B0F311CE195DB /* Pods-CodeCaseBN.debug.xcconfig */;
			buildSettings = {
				ASSETCATALOG_COMPILER_APPICON_NAME = AppIcon;
				CODE_SIGN_STYLE = Automatic;
				CURRENT_PROJECT_VERSION = 1.0;
				DEVELOPMENT_TEAM = 986HH55426;
				INFOPLIST_FILE = CodeCaseBN/Info.plist;
				LD_RUNPATH_SEARCH_PATHS = (
					"$(inherited)",
					"@executable_path/Frameworks",
				);
				MARKETING_VERSION = 1.0;
				PRODUCT_BUNDLE_IDENTIFIER = com.ahmetsina.CodeCaseBN;
				PRODUCT_NAME = "$(TARGET_NAME)";
				SWIFT_VERSION = 5.0;
				TARGETED_DEVICE_FAMILY = 1;
			};
			name = Debug;
		};
		3558EDE823F71D3E0005BCE0 /* Release */ = {
			isa = XCBuildConfiguration;
			baseConfigurationReference = 96E61679E657C539A230856E /* Pods-CodeCaseBN.release.xcconfig */;
			buildSettings = {
				ASSETCATALOG_COMPILER_APPICON_NAME = AppIcon;
				CODE_SIGN_STYLE = Automatic;
				CURRENT_PROJECT_VERSION = 1.0;
				DEVELOPMENT_TEAM = 986HH55426;
				INFOPLIST_FILE = CodeCaseBN/Info.plist;
				LD_RUNPATH_SEARCH_PATHS = (
					"$(inherited)",
					"@executable_path/Frameworks",
				);
				MARKETING_VERSION = 1.0;
				PRODUCT_BUNDLE_IDENTIFIER = com.ahmetsina.CodeCaseBN;
				PRODUCT_NAME = "$(TARGET_NAME)";
				SWIFT_VERSION = 5.0;
				TARGETED_DEVICE_FAMILY = 1;
			};
			name = Release;
		};
		3558EDEA23F71D3E0005BCE0 /* Debug */ = {
			isa = XCBuildConfiguration;
			baseConfigurationReference = 6D9CD20794FF054C403EB61E /* Pods-CodeCaseBNTests.debug.xcconfig */;
			buildSettings = {
				ALWAYS_EMBED_SWIFT_STANDARD_LIBRARIES = YES;
				BUNDLE_LOADER = "$(TEST_HOST)";
				CODE_SIGN_STYLE = Automatic;
				DEVELOPMENT_TEAM = 986HH55426;
				INFOPLIST_FILE = CodeCaseBNTests/Info.plist;
				IPHONEOS_DEPLOYMENT_TARGET = 13.2;
				LD_RUNPATH_SEARCH_PATHS = (
					"$(inherited)",
					"@executable_path/Frameworks",
					"@loader_path/Frameworks",
				);
				PRODUCT_BUNDLE_IDENTIFIER = com.ahmetsina.CodeCaseBNTests;
				PRODUCT_NAME = "$(TARGET_NAME)";
				SWIFT_VERSION = 5.0;
				TARGETED_DEVICE_FAMILY = "1,2";
				TEST_HOST = "$(BUILT_PRODUCTS_DIR)/CodeCaseBN.app/CodeCaseBN";
			};
			name = Debug;
		};
		3558EDEB23F71D3E0005BCE0 /* Release */ = {
			isa = XCBuildConfiguration;
			baseConfigurationReference = 94918DEC22397E3F1E16D2E7 /* Pods-CodeCaseBNTests.release.xcconfig */;
			buildSettings = {
				ALWAYS_EMBED_SWIFT_STANDARD_LIBRARIES = YES;
				BUNDLE_LOADER = "$(TEST_HOST)";
				CODE_SIGN_STYLE = Automatic;
				DEVELOPMENT_TEAM = 986HH55426;
				INFOPLIST_FILE = CodeCaseBNTests/Info.plist;
				IPHONEOS_DEPLOYMENT_TARGET = 13.2;
				LD_RUNPATH_SEARCH_PATHS = (
					"$(inherited)",
					"@executable_path/Frameworks",
					"@loader_path/Frameworks",
				);
				PRODUCT_BUNDLE_IDENTIFIER = com.ahmetsina.CodeCaseBNTests;
				PRODUCT_NAME = "$(TARGET_NAME)";
				SWIFT_VERSION = 5.0;
				TARGETED_DEVICE_FAMILY = "1,2";
				TEST_HOST = "$(BUILT_PRODUCTS_DIR)/CodeCaseBN.app/CodeCaseBN";
			};
			name = Release;
		};
		3558EDED23F71D3E0005BCE0 /* Debug */ = {
			isa = XCBuildConfiguration;
			baseConfigurationReference = 0A177C2482F2A7F6F2BECAD4 /* Pods-CodeCaseBN-CodeCaseBNUITests.debug.xcconfig */;
			buildSettings = {
				ALWAYS_EMBED_SWIFT_STANDARD_LIBRARIES = YES;
				CODE_SIGN_STYLE = Automatic;
				DEVELOPMENT_TEAM = 986HH55426;
				INFOPLIST_FILE = CodeCaseBNUITests/Info.plist;
				LD_RUNPATH_SEARCH_PATHS = (
					"$(inherited)",
					"@executable_path/Frameworks",
					"@loader_path/Frameworks",
				);
				PRODUCT_BUNDLE_IDENTIFIER = com.ahmetsina.CodeCaseBNUITests;
				PRODUCT_NAME = "$(TARGET_NAME)";
				SWIFT_VERSION = 5.0;
				TARGETED_DEVICE_FAMILY = "1,2";
				TEST_TARGET_NAME = CodeCaseBN;
			};
			name = Debug;
		};
		3558EDEE23F71D3E0005BCE0 /* Release */ = {
			isa = XCBuildConfiguration;
			baseConfigurationReference = 970303D3767CA46FC43FEE8C /* Pods-CodeCaseBN-CodeCaseBNUITests.release.xcconfig */;
			buildSettings = {
				ALWAYS_EMBED_SWIFT_STANDARD_LIBRARIES = YES;
				CODE_SIGN_STYLE = Automatic;
				DEVELOPMENT_TEAM = 986HH55426;
				INFOPLIST_FILE = CodeCaseBNUITests/Info.plist;
				LD_RUNPATH_SEARCH_PATHS = (
					"$(inherited)",
					"@executable_path/Frameworks",
					"@loader_path/Frameworks",
				);
				PRODUCT_BUNDLE_IDENTIFIER = com.ahmetsina.CodeCaseBNUITests;
				PRODUCT_NAME = "$(TARGET_NAME)";
				SWIFT_VERSION = 5.0;
				TARGETED_DEVICE_FAMILY = "1,2";
				TEST_TARGET_NAME = CodeCaseBN;
			};
			name = Release;
		};
/* End XCBuildConfiguration section */

/* Begin XCConfigurationList section */
		3558EDB723F71D3C0005BCE0 /* Build configuration list for PBXProject "CodeCaseBN" */ = {
			isa = XCConfigurationList;
			buildConfigurations = (
				3558EDE423F71D3E0005BCE0 /* Debug */,
				3558EDE523F71D3E0005BCE0 /* Release */,
			);
			defaultConfigurationIsVisible = 0;
			defaultConfigurationName = Release;
		};
		3558EDE623F71D3E0005BCE0 /* Build configuration list for PBXNativeTarget "CodeCaseBN" */ = {
			isa = XCConfigurationList;
			buildConfigurations = (
				3558EDE723F71D3E0005BCE0 /* Debug */,
				3558EDE823F71D3E0005BCE0 /* Release */,
			);
			defaultConfigurationIsVisible = 0;
			defaultConfigurationName = Release;
		};
		3558EDE923F71D3E0005BCE0 /* Build configuration list for PBXNativeTarget "CodeCaseBNTests" */ = {
			isa = XCConfigurationList;
			buildConfigurations = (
				3558EDEA23F71D3E0005BCE0 /* Debug */,
				3558EDEB23F71D3E0005BCE0 /* Release */,
			);
			defaultConfigurationIsVisible = 0;
			defaultConfigurationName = Release;
		};
		3558EDEC23F71D3E0005BCE0 /* Build configuration list for PBXNativeTarget "CodeCaseBNUITests" */ = {
			isa = XCConfigurationList;
			buildConfigurations = (
				3558EDED23F71D3E0005BCE0 /* Debug */,
				3558EDEE23F71D3E0005BCE0 /* Release */,
			);
			defaultConfigurationIsVisible = 0;
			defaultConfigurationName = Release;
		};
/* End XCConfigurationList section */
	};
	rootObject = 3558EDB423F71D3C0005BCE0 /* Project object */;
}
